
Microsoft Visual Studio Solution File, Format Version 12.00
# Visual Studio Version 16
VisualStudioVersion = 16.0.31911.196
MinimumVisualStudioVersion = 10.0.40219.1
Project("{FAE04EC0-301F-11D3-BF4B-00C04F79EFBC}") = "DealerManagementSystem", "DealerManagementSystem\DealerManagementSystem.csproj", "{CF88D3C7-012B-4213-BE29-E146151DE04F}"
EndProject
Project("{FAE04EC0-301F-11D3-BF4B-00C04F79EFBC}") = "Business", "Business\Business.csproj", "{C8A384D5-7786-452E-9920-71CA98F8A226}"
EndProject
Project("{FAE04EC0-301F-11D3-BF4B-00C04F79EFBC}") = "DataAccess", "DataAccess\DataAccess.csproj", "{1FC7665B-003D-4A87-9A50-5B7627DC6CE8}"
EndProject
Project("{FAE04EC0-301F-11D3-BF4B-00C04F79EFBC}") = "Properties", "Properties\Properties.csproj", "{F7C6CCCB-E36E-461F-A844-0546264D53BC}"
EndProject
Project("{FAE04EC0-301F-11D3-BF4B-00C04F79EFBC}") = "SapIntegration", "SapIntegration\SapIntegration.csproj", "{87886C5A-4AAB-4AA8-84D4-D77321444CB3}"
EndProject
Project("{FAE04EC0-301F-11D3-BF4B-00C04F79EFBC}") = "Job", "Job\Job.csproj", "{3519D026-530E-4EB3-9A7E-0E29D5C74F0E}"
EndProject
Global
	GlobalSection(SolutionConfigurationPlatforms) = preSolution
		Debug|Any CPU = Debug|Any CPU
		Release|Any CPU = Release|Any CPU
	EndGlobalSection
	GlobalSection(ProjectConfigurationPlatforms) = postSolution
		{CF88D3C7-012B-4213-BE29-E146151DE04F}.Debug|Any CPU.ActiveCfg = Debug|Any CPU
		{CF88D3C7-012B-4213-BE29-E146151DE04F}.Debug|Any CPU.Build.0 = Debug|Any CPU
		{CF88D3C7-012B-4213-BE29-E146151DE04F}.Release|Any CPU.ActiveCfg = Release|Any CPU
		{CF88D3C7-012B-4213-BE29-E146151DE04F}.Release|Any CPU.Build.0 = Release|Any CPU
		{C8A384D5-7786-452E-9920-71CA98F8A226}.Debug|Any CPU.ActiveCfg = Debug|Any CPU
		{C8A384D5-7786-452E-9920-71CA98F8A226}.Debug|Any CPU.Build.0 = Debug|Any CPU
		{C8A384D5-7786-452E-9920-71CA98F8A226}.Release|Any CPU.ActiveCfg = Release|Any CPU
		{C8A384D5-7786-452E-9920-71CA98F8A226}.Release|Any CPU.Build.0 = Release|Any CPU
		{1FC7665B-003D-4A87-9A50-5B7627DC6CE8}.Debug|Any CPU.ActiveCfg = Debug|Any CPU
		{1FC7665B-003D-4A87-9A50-5B7627DC6CE8}.Debug|Any CPU.Build.0 = Debug|Any CPU
		{1FC7665B-003D-4A87-9A50-5B7627DC6CE8}.Release|Any CPU.ActiveCfg = Release|Any CPU
		{1FC7665B-003D-4A87-9A50-5B7627DC6CE8}.Release|Any CPU.Build.0 = Release|Any CPU
		{F7C6CCCB-E36E-461F-A844-0546264D53BC}.Debug|Any CPU.ActiveCfg = Debug|Any CPU
		{F7C6CCCB-E36E-461F-A844-0546264D53BC}.Debug|Any CPU.Build.0 = Debug|Any CPU
		{F7C6CCCB-E36E-461F-A844-0546264D53BC}.Release|Any CPU.ActiveCfg = Release|Any CPU
		{F7C6CCCB-E36E-461F-A844-0546264D53BC}.Release|Any CPU.Build.0 = Release|Any CPU
		{87886C5A-4AAB-4AA8-84D4-D77321444CB3}.Debug|Any CPU.ActiveCfg = Debug|Any CPU
		{87886C5A-4AAB-4AA8-84D4-D77321444CB3}.Debug|Any CPU.Build.0 = Debug|Any CPU
		{87886C5A-4AAB-4AA8-84D4-D77321444CB3}.Release|Any CPU.ActiveCfg = Release|Any CPU
		{87886C5A-4AAB-4AA8-84D4-D77321444CB3}.Release|Any CPU.Build.0 = Release|Any CPU
		{3519D026-530E-4EB3-9A7E-0E29D5C74F0E}.Debug|Any CPU.ActiveCfg = Debug|Any CPU
		{3519D026-530E-4EB3-9A7E-0E29D5C74F0E}.Debug|Any CPU.Build.0 = Debug|Any CPU
		{3519D026-530E-4EB3-9A7E-0E29D5C74F0E}.Release|Any CPU.ActiveCfg = Release|Any CPU
		{3519D026-530E-4EB3-9A7E-0E29D5C74F0E}.Release|Any CPU.Build.0 = Release|Any CPU
	EndGlobalSection
	GlobalSection(SolutionProperties) = preSolution
		HideSolutionNode = FALSE
	EndGlobalSection
	GlobalSection(ExtensibilityGlobals) = postSolution
		SolutionGuid = {992FE82A-8EAD-476D-BECC-B6548AE33646}
	EndGlobalSection
EndGlobal
